# THIS IS AN AUTOGENERATED FILE. DO NOT EDIT THIS FILE DIRECTLY.
# yarn lockfile v1


"@chainio/xml@^0.1.7":
  version "0.1.7"
  resolved "https://registry.yarnpkg.com/@chainio/xml/-/xml-0.1.7.tgz#11932f76c7753a8c5a61f365a67bff020773572d"
  integrity sha512-BzPOFUxdEDe/J8+aVm9XmwtlD2Gd5qEko+GwzbWMvMnZJc2yIm4LvrB77fgnJRsmCWfhsTg9lw9s0eHOGT59hg==
  dependencies:
    "@xmldom/xmldom" "^0.8.6"
    decimal.js "^10.4.2"
    luxon "^3.2.1"
    xpath "^0.0.32"

"@xmldom/xmldom@^0.8.6":
  version "0.8.10"
  resolved "https://registry.yarnpkg.com/@xmldom/xmldom/-/xmldom-0.8.10.tgz#a1337ca426aa61cef9fe15b5b28e340a72f6fa99"
  integrity sha512-2WALfTl4xo2SkGCYRt6rDTFfk9R1czmBvUQy12gK2KuRKIpWEhcbbzy8EZXtz/jkRqHX8bFEc6FC1HjX4TUWYw==

decimal.js@^10.4.2:
  version "10.4.3"
  resolved "https://registry.yarnpkg.com/decimal.js/-/decimal.js-10.4.3.tgz#1044092884d245d1b7f65725fa4ad4c6f781cc23"
  integrity sha512-VBBaLc1MgL5XpzgIP7ny5Z6Nx3UrRkIViUkPUdtl9aya5amy3De1gsUUSB1g3+3sExYNjCAsAznmukyxCb1GRA==

lodash@^4.17.21:
  version "4.17.21"
  resolved "https://registry.yarnpkg.com/lodash/-/lodash-4.17.21.tgz#679591c564c3bffaae8454cf0b3df370c3d6911c"
  integrity sha512-v2kDEe57lecTulaDIuNTPy3Ry4gLGJ6Z1O3vE1krgXZNrsQ+LFTGHVxVjcXPs17LhbZVGedAJv8XZ1tvj5FvSg==

luxon@^3.2.1:
  version "3.4.4"
  resolved "https://registry.yarnpkg.com/luxon/-/luxon-3.4.4.tgz#cf20dc27dc532ba41a169c43fdcc0063601577af"
  integrity sha512-zobTr7akeGHnv7eBOXcRgMeCP6+uyYsczwmeRCauvpvaAltgNyTbLH/+VaEAPUeWBT+1GuNmz4wC/6jtQzbbVA==

xpath@^0.0.32:
  version "0.0.32"
  resolved "https://registry.yarnpkg.com/xpath/-/xpath-0.0.32.tgz#1b73d3351af736e17ec078d6da4b8175405c48af"
  integrity sha512-rxMJhSIoiO8vXcWvSifKqhvV96GjiD5wYb8/QHdoRyQvraTpp4IEv944nhGausZZ3u7dhQXteZuZbaqfpB7uYw==
